
Microsoft Visual Studio Solution File, Format Version 12.00
Project("{FAE04EC0-301F-11D3-BF4B-00C04F79EFBC}") = "IMEKeyboardLayout", "IMEKeyboardLayout\IMEKeyboardLayout.csproj", "{CF9A3C56-D115-466C-A007-A13000CA2FD0}"
EndProject
Project("{FAE04EC0-301F-11D3-BF4B-00C04F79EFBC}") = "JpIMETool", "JpIMETool\JpIMETool.csproj", "{C056694B-79CF-4CBF-BEDD-20292121EB4C}"
EndProject
Global
	GlobalSection(SolutionConfigurationPlatforms) = preSolution
		Debug|Any CPU = Debug|Any CPU
		Release|Any CPU = Release|Any CPU
	EndGlobalSection
	GlobalSection(ProjectConfigurationPlatforms) = postSolution
		{CF9A3C56-D115-466C-A007-A13000CA2FD0}.Debug|Any CPU.ActiveCfg = Debug|Any CPU
		{CF9A3C56-D115-466C-A007-A13000CA2FD0}.Debug|Any CPU.Build.0 = Debug|Any CPU
		{CF9A3C56-D115-466C-A007-A13000CA2FD0}.Release|Any CPU.ActiveCfg = Release|Any CPU
		{CF9A3C56-D115-466C-A007-A13000CA2FD0}.Release|Any CPU.Build.0 = Release|Any CPU
		{C056694B-79CF-4CBF-BEDD-20292121EB4C}.Debug|Any CPU.ActiveCfg = Debug|Any CPU
		{C056694B-79CF-4CBF-BEDD-20292121EB4C}.Debug|Any CPU.Build.0 = Debug|Any CPU
		{C056694B-79CF-4CBF-BEDD-20292121EB4C}.Release|Any CPU.ActiveCfg = Release|Any CPU
		{C056694B-79CF-4CBF-BEDD-20292121EB4C}.Release|Any CPU.Build.0 = Release|Any CPU
	EndGlobalSection
EndGlobal
